
Microsoft Visual Studio Solution File, Format Version 12.00
Project("{FAE04EC0-301F-11D3-BF4B-00C04F79EFBC}") = "TestNameChoiceSite", "TestNameChoiceSite\TestNameChoiceSite.csproj", "{29820BDD-3638-4CD8-A8B4-6DC3EC923495}"
EndProject
Global
	GlobalSection(SolutionConfigurationPlatforms) = preSolution
		Debug|Any CPU = Debug|Any CPU
		Release|Any CPU = Release|Any CPU
	EndGlobalSection
	GlobalSection(ProjectConfigurationPlatforms) = postSolution
		{29820BDD-3638-4CD8-A8B4-6DC3EC923495}.Debug|Any CPU.ActiveCfg = Debug|Any CPU
		{29820BDD-3638-4CD8-A8B4-6DC3EC923495}.Debug|Any CPU.Build.0 = Debug|Any CPU
		{29820BDD-3638-4CD8-A8B4-6DC3EC923495}.Release|Any CPU.ActiveCfg = Release|Any CPU
		{29820BDD-3638-4CD8-A8B4-6DC3EC923495}.Release|Any CPU.Build.0 = Release|Any CPU
	EndGlobalSection
EndGlobal
