
Microsoft Visual Studio Solution File, Format Version 12.00
Project("{FAE04EC0-301F-11D3-BF4B-00C04F79EFBC}") = "Roaming.Tests", "Roaming.Tests\Roaming.Tests.csproj", "{D92AE6F7-A14C-48ED-A561-409DEB56F7E9}"
EndProject
Global
	GlobalSection(SolutionConfigurationPlatforms) = preSolution
		Debug|Any CPU = Debug|Any CPU
		Release|Any CPU = Release|Any CPU
	EndGlobalSection
	GlobalSection(ProjectConfigurationPlatforms) = postSolution
		{D92AE6F7-A14C-48ED-A561-409DEB56F7E9}.Debug|Any CPU.ActiveCfg = Debug|Any CPU
		{D92AE6F7-A14C-48ED-A561-409DEB56F7E9}.Debug|Any CPU.Build.0 = Debug|Any CPU
		{D92AE6F7-A14C-48ED-A561-409DEB56F7E9}.Release|Any CPU.ActiveCfg = Release|Any CPU
		{D92AE6F7-A14C-48ED-A561-409DEB56F7E9}.Release|Any CPU.Build.0 = Release|Any CPU
	EndGlobalSection
EndGlobal
