
Microsoft Visual Studio Solution File, Format Version 12.00
Project("{FAE04EC0-301F-11D3-BF4B-00C04F79EFBC}") = "SeleniumTests", "SeleniumTests\SeleniumTests.csproj", "{47723F95-97AF-436B-96EB-D6DA1955D259}"
EndProject
Global
	GlobalSection(SolutionConfigurationPlatforms) = preSolution
		Debug|Any CPU = Debug|Any CPU
		Release|Any CPU = Release|Any CPU
	EndGlobalSection
	GlobalSection(ProjectConfigurationPlatforms) = postSolution
		{47723F95-97AF-436B-96EB-D6DA1955D259}.Debug|Any CPU.ActiveCfg = Debug|Any CPU
		{47723F95-97AF-436B-96EB-D6DA1955D259}.Debug|Any CPU.Build.0 = Debug|Any CPU
		{47723F95-97AF-436B-96EB-D6DA1955D259}.Release|Any CPU.ActiveCfg = Release|Any CPU
		{47723F95-97AF-436B-96EB-D6DA1955D259}.Release|Any CPU.Build.0 = Release|Any CPU
	EndGlobalSection
EndGlobal
