
Microsoft Visual Studio Solution File, Format Version 12.00
Project("{FAE04EC0-301F-11D3-BF4B-00C04F79EFBC}") = "HW", "HW\HW.csproj", "{AFD43085-41CF-45A4-995D-B69472FDF5F0}"
EndProject
Global
	GlobalSection(SolutionConfigurationPlatforms) = preSolution
		Debug|Any CPU = Debug|Any CPU
		Release|Any CPU = Release|Any CPU
	EndGlobalSection
	GlobalSection(ProjectConfigurationPlatforms) = postSolution
		{AFD43085-41CF-45A4-995D-B69472FDF5F0}.Debug|Any CPU.ActiveCfg = Debug|Any CPU
		{AFD43085-41CF-45A4-995D-B69472FDF5F0}.Debug|Any CPU.Build.0 = Debug|Any CPU
		{AFD43085-41CF-45A4-995D-B69472FDF5F0}.Release|Any CPU.ActiveCfg = Release|Any CPU
		{AFD43085-41CF-45A4-995D-B69472FDF5F0}.Release|Any CPU.Build.0 = Release|Any CPU
	EndGlobalSection
EndGlobal
