
Microsoft Visual Studio Solution File, Format Version 12.00
Project("{FAE04EC0-301F-11D3-BF4B-00C04F79EFBC}") = "ParrotNameTests", "ParrotNameTests\ParrotNameTests.csproj", "{F8B74EBE-2B66-45DD-990F-E0374C4FE18B}"
EndProject
Global
	GlobalSection(SolutionConfigurationPlatforms) = preSolution
		Debug|Any CPU = Debug|Any CPU
		Release|Any CPU = Release|Any CPU
	EndGlobalSection
	GlobalSection(ProjectConfigurationPlatforms) = postSolution
		{F8B74EBE-2B66-45DD-990F-E0374C4FE18B}.Debug|Any CPU.ActiveCfg = Debug|Any CPU
		{F8B74EBE-2B66-45DD-990F-E0374C4FE18B}.Debug|Any CPU.Build.0 = Debug|Any CPU
		{F8B74EBE-2B66-45DD-990F-E0374C4FE18B}.Release|Any CPU.ActiveCfg = Release|Any CPU
		{F8B74EBE-2B66-45DD-990F-E0374C4FE18B}.Release|Any CPU.Build.0 = Release|Any CPU
	EndGlobalSection
EndGlobal
