
Microsoft Visual Studio Solution File, Format Version 12.00
Project("{FAE04EC0-301F-11D3-BF4B-00C04F79EFBC}") = "Popugi", "Popugi\Popugi.csproj", "{3E88CC9D-39F7-4C13-9472-7005619C1CC3}"
EndProject
Global
	GlobalSection(SolutionConfigurationPlatforms) = preSolution
		Debug|Any CPU = Debug|Any CPU
		Release|Any CPU = Release|Any CPU
	EndGlobalSection
	GlobalSection(ProjectConfigurationPlatforms) = postSolution
		{3E88CC9D-39F7-4C13-9472-7005619C1CC3}.Debug|Any CPU.ActiveCfg = Debug|Any CPU
		{3E88CC9D-39F7-4C13-9472-7005619C1CC3}.Debug|Any CPU.Build.0 = Debug|Any CPU
		{3E88CC9D-39F7-4C13-9472-7005619C1CC3}.Release|Any CPU.ActiveCfg = Release|Any CPU
		{3E88CC9D-39F7-4C13-9472-7005619C1CC3}.Release|Any CPU.Build.0 = Release|Any CPU
	EndGlobalSection
EndGlobal
